
Microsoft Visual Studio Solution File, Format Version 12.00
# Visual Studio 15
VisualStudioVersion = 15.0.28307.421
MinimumVisualStudioVersion = 10.0.40219.1
Project("{FAE04EC0-301F-11D3-BF4B-00C04F79EFBC}") = "GitlabNewIssueOutlookAddin", "GitlabNewIssueOutlookAddin\GitlabNewIssueOutlookAddin.csproj", "{F7DC3C21-1FB9-4320-B247-0E23F444C490}"
EndProject
Global
	GlobalSection(SolutionConfigurationPlatforms) = preSolution
		Debug|Any CPU = Debug|Any CPU
		Release|Any CPU = Release|Any CPU
	EndGlobalSection
	GlobalSection(ProjectConfigurationPlatforms) = postSolution
		{F7DC3C21-1FB9-4320-B247-0E23F444C490}.Debug|Any CPU.ActiveCfg = Debug|Any CPU
		{F7DC3C21-1FB9-4320-B247-0E23F444C490}.Debug|Any CPU.Build.0 = Debug|Any CPU
		{F7DC3C21-1FB9-4320-B247-0E23F444C490}.Release|Any CPU.ActiveCfg = Release|Any CPU
		{F7DC3C21-1FB9-4320-B247-0E23F444C490}.Release|Any CPU.Build.0 = Release|Any CPU
	EndGlobalSection
	GlobalSection(SolutionProperties) = preSolution
		HideSolutionNode = FALSE
	EndGlobalSection
	GlobalSection(ExtensibilityGlobals) = postSolution
		SolutionGuid = {240FFB72-47FC-420F-839B-1D3191317C80}
	EndGlobalSection
EndGlobal
